#MicroXplorer Configuration settings - do not modify
CORTEX_M7.ART_ACCLERATOR_ENABLE=0
CORTEX_M7.CPU_DCache=Disabled
CORTEX_M7.CPU_ICache=Disabled
CORTEX_M7.FlashInterface=AXI_Enabled
CORTEX_M7.IPParameters=FlashInterface,ART_ACCLERATOR_ENABLE,PREFETCH_ENABLE,CPU_ICache,CPU_DCache,MPU_Control
CORTEX_M7.MPU_Control=__NULL
CORTEX_M7.PREFETCH_ENABLE=0
Dma.I2C4_RX.1.Direction=DMA_PERIPH_TO_MEMORY
Dma.I2C4_RX.1.FIFOMode=DMA_FIFOMODE_DISABLE
Dma.I2C4_RX.1.Instance=DMA1_Stream2
Dma.I2C4_RX.1.MemDataAlignment=DMA_MDATAALIGN_BYTE
Dma.I2C4_RX.1.MemInc=DMA_MINC_ENABLE
Dma.I2C4_RX.1.Mode=DMA_NORMAL
Dma.I2C4_RX.1.PeriphDataAlignment=DMA_PDATAALIGN_BYTE
Dma.I2C4_RX.1.PeriphInc=DMA_PINC_DISABLE
Dma.I2C4_RX.1.Priority=DMA_PRIORITY_LOW
Dma.I2C4_RX.1.RequestParameters=Instance,Direction,PeriphInc,MemInc,PeriphDataAlignment,MemDataAlignment,Mode,Priority,FIFOMode
Dma.I2C4_TX.2.Direction=DMA_MEMORY_TO_PERIPH
Dma.I2C4_TX.2.FIFOMode=DMA_FIFOMODE_DISABLE
Dma.I2C4_TX.2.Instance=DMA1_Stream5
Dma.I2C4_TX.2.MemDataAlignment=DMA_MDATAALIGN_BYTE
Dma.I2C4_TX.2.MemInc=DMA_MINC_ENABLE
Dma.I2C4_TX.2.Mode=DMA_NORMAL
Dma.I2C4_TX.2.PeriphDataAlignment=DMA_PDATAALIGN_BYTE
Dma.I2C4_TX.2.PeriphInc=DMA_PINC_DISABLE
Dma.I2C4_TX.2.Priority=DMA_PRIORITY_LOW
Dma.I2C4_TX.2.RequestParameters=Instance,Direction,PeriphInc,MemInc,PeriphDataAlignment,MemDataAlignment,Mode,Priority,FIFOMode
Dma.Request0=USART6_TX
Dma.Request1=I2C4_RX
Dma.Request2=I2C4_TX
Dma.Request3=UART4_TX
Dma.Request4=USART2_TX
Dma.Request5=USART1_TX
Dma.Request6=UART8_TX
Dma.Request7=UART7_TX
Dma.Request8=UART5_TX
Dma.RequestsNb=9
Dma.UART4_TX.3.Direction=DMA_MEMORY_TO_PERIPH
Dma.UART4_TX.3.FIFOMode=DMA_FIFOMODE_DISABLE
Dma.UART4_TX.3.Instance=DMA1_Stream4
Dma.UART4_TX.3.MemDataAlignment=DMA_MDATAALIGN_BYTE
Dma.UART4_TX.3.MemInc=DMA_MINC_ENABLE
Dma.UART4_TX.3.Mode=DMA_NORMAL
Dma.UART4_TX.3.PeriphDataAlignment=DMA_PDATAALIGN_BYTE
Dma.UART4_TX.3.PeriphInc=DMA_PINC_DISABLE
Dma.UART4_TX.3.Priority=DMA_PRIORITY_LOW
Dma.UART4_TX.3.RequestParameters=Instance,Direction,PeriphInc,MemInc,PeriphDataAlignment,MemDataAlignment,Mode,Priority,FIFOMode
Dma.UART5_TX.8.Direction=DMA_MEMORY_TO_PERIPH
Dma.UART5_TX.8.FIFOMode=DMA_FIFOMODE_DISABLE
Dma.UART5_TX.8.Instance=DMA1_Stream7
Dma.UART5_TX.8.MemDataAlignment=DMA_MDATAALIGN_BYTE
Dma.UART5_TX.8.MemInc=DMA_MINC_ENABLE
Dma.UART5_TX.8.Mode=DMA_NORMAL
Dma.UART5_TX.8.PeriphDataAlignment=DMA_PDATAALIGN_BYTE
Dma.UART5_TX.8.PeriphInc=DMA_PINC_DISABLE
Dma.UART5_TX.8.Priority=DMA_PRIORITY_LOW
Dma.UART5_TX.8.RequestParameters=Instance,Direction,PeriphInc,MemInc,PeriphDataAlignment,MemDataAlignment,Mode,Priority,FIFOMode
Dma.UART7_TX.7.Direction=DMA_MEMORY_TO_PERIPH
Dma.UART7_TX.7.FIFOMode=DMA_FIFOMODE_DISABLE
Dma.UART7_TX.7.Instance=DMA1_Stream1
Dma.UART7_TX.7.MemDataAlignment=DMA_MDATAALIGN_BYTE
Dma.UART7_TX.7.MemInc=DMA_MINC_ENABLE
Dma.UART7_TX.7.Mode=DMA_NORMAL
Dma.UART7_TX.7.PeriphDataAlignment=DMA_PDATAALIGN_BYTE
Dma.UART7_TX.7.PeriphInc=DMA_PINC_DISABLE
Dma.UART7_TX.7.Priority=DMA_PRIORITY_LOW
Dma.UART7_TX.7.RequestParameters=Instance,Direction,PeriphInc,MemInc,PeriphDataAlignment,MemDataAlignment,Mode,Priority,FIFOMode
Dma.UART8_TX.6.Direction=DMA_MEMORY_TO_PERIPH
Dma.UART8_TX.6.FIFOMode=DMA_FIFOMODE_DISABLE
Dma.UART8_TX.6.Instance=DMA1_Stream0
Dma.UART8_TX.6.MemDataAlignment=DMA_MDATAALIGN_BYTE
Dma.UART8_TX.6.MemInc=DMA_MINC_ENABLE
Dma.UART8_TX.6.Mode=DMA_NORMAL
Dma.UART8_TX.6.PeriphDataAlignment=DMA_PDATAALIGN_BYTE
Dma.UART8_TX.6.PeriphInc=DMA_PINC_DISABLE
Dma.UART8_TX.6.Priority=DMA_PRIORITY_LOW
Dma.UART8_TX.6.RequestParameters=Instance,Direction,PeriphInc,MemInc,PeriphDataAlignment,MemDataAlignment,Mode,Priority,FIFOMode
Dma.USART1_TX.5.Direction=DMA_MEMORY_TO_PERIPH
Dma.USART1_TX.5.FIFOMode=DMA_FIFOMODE_DISABLE
Dma.USART1_TX.5.Instance=DMA2_Stream7
Dma.USART1_TX.5.MemDataAlignment=DMA_MDATAALIGN_BYTE
Dma.USART1_TX.5.MemInc=DMA_MINC_ENABLE
Dma.USART1_TX.5.Mode=DMA_NORMAL
Dma.USART1_TX.5.PeriphDataAlignment=DMA_PDATAALIGN_BYTE
Dma.USART1_TX.5.PeriphInc=DMA_PINC_DISABLE
Dma.USART1_TX.5.Priority=DMA_PRIORITY_LOW
Dma.USART1_TX.5.RequestParameters=Instance,Direction,PeriphInc,MemInc,PeriphDataAlignment,MemDataAlignment,Mode,Priority,FIFOMode
Dma.USART2_TX.4.Direction=DMA_MEMORY_TO_PERIPH
Dma.USART2_TX.4.FIFOMode=DMA_FIFOMODE_DISABLE
Dma.USART2_TX.4.Instance=DMA1_Stream6
Dma.USART2_TX.4.MemDataAlignment=DMA_MDATAALIGN_BYTE
Dma.USART2_TX.4.MemInc=DMA_MINC_ENABLE
Dma.USART2_TX.4.Mode=DMA_NORMAL
Dma.USART2_TX.4.PeriphDataAlignment=DMA_PDATAALIGN_BYTE
Dma.USART2_TX.4.PeriphInc=DMA_PINC_DISABLE
Dma.USART2_TX.4.Priority=DMA_PRIORITY_LOW
Dma.USART2_TX.4.RequestParameters=Instance,Direction,PeriphInc,MemInc,PeriphDataAlignment,MemDataAlignment,Mode,Priority,FIFOMode
Dma.USART6_TX.0.Direction=DMA_MEMORY_TO_PERIPH
Dma.USART6_TX.0.FIFOMode=DMA_FIFOMODE_DISABLE
Dma.USART6_TX.0.Instance=DMA2_Stream6
Dma.USART6_TX.0.MemDataAlignment=DMA_MDATAALIGN_BYTE
Dma.USART6_TX.0.MemInc=DMA_MINC_ENABLE
Dma.USART6_TX.0.Mode=DMA_NORMAL
Dma.USART6_TX.0.PeriphDataAlignment=DMA_PDATAALIGN_BYTE
Dma.USART6_TX.0.PeriphInc=DMA_PINC_DISABLE
Dma.USART6_TX.0.Priority=DMA_PRIORITY_LOW
Dma.USART6_TX.0.RequestParameters=Instance,Direction,PeriphInc,MemInc,PeriphDataAlignment,MemDataAlignment,Mode,Priority,FIFOMode
ETH.AutoNegotiation=ETH_AUTONEGOTIATION_ENABLE
ETH.ChecksumMode=ETH_CHECKSUM_BY_HARDWARE
ETH.IPParameters=AutoNegotiation,MACAddr,RxMode,ChecksumMode,PhyAddress,PHY_Name_RMII,PHY_RESET_DELAY,PHY_CONFIG_DELAY,PHY_READ_TO,PHY_WRITE_TO,PHY_BCR,PHY_BSR,PHY_RESET,PHY_LOOPBACK,PHY_FULLDUPLEX_100M,PHY_HALFDUPLEX_100M,PHY_FULLDUPLEX_10M,PHY_HALFDUPLEX_10M,PHY_AUTONEGOTIATION,PHY_RESTART_AUTONEGOTIATION,PHY_POWERDOWN,PHY_ISOLATE,PHY_AUTONEGO_COMPLETE,PHY_LINKED_STATUS,PHY_JABBER_DETECTION,PHY_SR,PHY_SPEED_STATUS,PHY_DUPLEX_STATUS,PHY_ISFR,PHY_ISFR_INT4,MediaInterface
ETH.MACAddr=00\:80\:E1\:00\:00\:00
ETH.MediaInterface=ETH_MEDIA_INTERFACE_RMII
ETH.PHY_AUTONEGOTIATION=0x1000
ETH.PHY_AUTONEGO_COMPLETE=0x0020
ETH.PHY_BCR=0x00
ETH.PHY_BSR=0x01
ETH.PHY_CONFIG_DELAY=0x00000FFF
ETH.PHY_DUPLEX_STATUS=0x0010
ETH.PHY_FULLDUPLEX_100M=0x2100
ETH.PHY_FULLDUPLEX_10M=0x0100
ETH.PHY_HALFDUPLEX_100M=0x2000
ETH.PHY_HALFDUPLEX_10M=0x0000
ETH.PHY_ISFR=0x001D
ETH.PHY_ISFR_INT4=0x000B
ETH.PHY_ISOLATE=0x0400
ETH.PHY_JABBER_DETECTION=0x0002
ETH.PHY_LINKED_STATUS=0x0004
ETH.PHY_LOOPBACK=0x4000
ETH.PHY_Name_RMII=LAN8742A_PHY_ADDRESS
ETH.PHY_POWERDOWN=0x0800
ETH.PHY_READ_TO=0x0000FFFF
ETH.PHY_RESET=0x8000
ETH.PHY_RESET_DELAY=0x000000FF
ETH.PHY_RESTART_AUTONEGOTIATION=0x0200
ETH.PHY_SPEED_STATUS=0x0004
ETH.PHY_SR=0x1F
ETH.PHY_WRITE_TO=0x0000FFFF
ETH.PhyAddress=0
ETH.RxMode=ETH_RXINTERRUPT_MODE
FREERTOS.FootprintOK=true
FREERTOS.HEAP_NUMBER=4
FREERTOS.INCLUDE_eTaskGetState=0
FREERTOS.INCLUDE_pcTaskGetTaskName=0
FREERTOS.INCLUDE_uxTaskGetStackHighWaterMark=0
FREERTOS.INCLUDE_uxTaskPriorityGet=1
FREERTOS.INCLUDE_vTaskCleanUpResources=0
FREERTOS.INCLUDE_vTaskDelay=1
FREERTOS.INCLUDE_vTaskDelayUntil=0
FREERTOS.INCLUDE_vTaskDelete=1
FREERTOS.INCLUDE_vTaskPrioritySet=1
FREERTOS.INCLUDE_vTaskSuspend=1
FREERTOS.INCLUDE_xEventGroupSetBitFromISR=0
FREERTOS.INCLUDE_xQueueGetMutexHolder=0
FREERTOS.INCLUDE_xSemaphoreGetMutexHolder=0
FREERTOS.INCLUDE_xTaskAbortDelay=0
FREERTOS.INCLUDE_xTaskGetCurrentTaskHandle=0
FREERTOS.INCLUDE_xTaskGetHandle=0
FREERTOS.INCLUDE_xTaskGetSchedulerState=1
FREERTOS.INCLUDE_xTaskResumeFromISR=1
FREERTOS.INCLUDE_xTimerPendFunctionCall=0
FREERTOS.IPParameters=Tasks01,configGENERATE_RUN_TIME_STATS,configUSE_TRACE_FACILITY,configUSE_STATS_FORMATTING_FUNCTIONS,configUSE_TIMERS,FootprintOK,configUSE_PREEMPTION,MEMORY_ALLOCATION,configTICK_RATE_HZ,configMAX_PRIORITIES,configMINIMAL_STACK_SIZE,configMAX_TASK_NAME_LEN,configIDLE_SHOULD_YIELD,configUSE_MUTEXES,configUSE_RECURSIVE_MUTEXES,configUSE_COUNTING_SEMAPHORES,configQUEUE_REGISTRY_SIZE,configUSE_APPLICATION_TASK_TAG,configTOTAL_HEAP_SIZE,HEAP_NUMBER,configUSE_IDLE_HOOK,configUSE_TICK_HOOK,configUSE_MALLOC_FAILED_HOOK,configUSE_DAEMON_TASK_STARTUP_HOOK,configCHECK_FOR_STACK_OVERFLOW,configUSE_CO_ROUTINES,configMAX_CO_ROUTINE_PRIORITIES,configTIMER_TASK_PRIORITY,configTIMER_QUEUE_LENGTH,configTIMER_TASK_STACK_DEPTH,configLIBRARY_LOWEST_INTERRUPT_PRIORITY,configLIBRARY_MAX_SYSCALL_INTERRUPT_PRIORITY,INCLUDE_vTaskPrioritySet,INCLUDE_uxTaskPriorityGet,INCLUDE_vTaskDelete,INCLUDE_vTaskCleanUpResources,INCLUDE_vTaskSuspend,INCLUDE_vTaskDelayUntil,INCLUDE_vTaskDelay,INCLUDE_xTaskGetSchedulerState,INCLUDE_xTaskResumeFromISR,INCLUDE_xQueueGetMutexHolder,INCLUDE_xSemaphoreGetMutexHolder,INCLUDE_pcTaskGetTaskName,INCLUDE_uxTaskGetStackHighWaterMark,INCLUDE_xTaskGetCurrentTaskHandle,INCLUDE_eTaskGetState,INCLUDE_xEventGroupSetBitFromISR,INCLUDE_xTimerPendFunctionCall,configENABLE_BACKWARD_COMPATIBILITY,configUSE_TICKLESS_IDLE,configUSE_TASK_NOTIFICATIONS,INCLUDE_xTaskAbortDelay,INCLUDE_xTaskGetHandle,configRECORD_STACK_HIGH_ADDRESS
FREERTOS.MEMORY_ALLOCATION=0
FREERTOS.Tasks01=defaultTask,0,128,StartDefaultTask,Default,NULL,Dynamic,NULL,NULL;DMX_TX_U01,0,128,Start_DMX_TX_U01,Default,NULL,Dynamic,NULL,NULL;DMX_TX_U02,0,128,Start_DMX_TX_U02,Default,NULL,Dynamic,NULL,NULL;DMX_TX_U03,0,128,Start_DMX_TX_U03,Default,NULL,Dynamic,NULL,NULL;DMX_TX_U04,0,128,Start_DMX_TX_U04,Default,NULL,Dynamic,NULL,NULL;DMX_TX_U05,0,128,Start_DMX_TX_U05,Default,NULL,Dynamic,NULL,NULL;DMX_TX_U06,0,128,Start_DMX_TX_U06,Default,NULL,Dynamic,NULL,NULL;DMX_TX_U07,0,128,Start_DMX_TX_U07,Default,NULL,Dynamic,NULL,NULL;DMX_TX_U08,0,128,Start_DMX_TX_U08,Default,NULL,Dynamic,NULL,NULL
FREERTOS.configCHECK_FOR_STACK_OVERFLOW=0
FREERTOS.configENABLE_BACKWARD_COMPATIBILITY=1
FREERTOS.configGENERATE_RUN_TIME_STATS=1
FREERTOS.configIDLE_SHOULD_YIELD=1
FREERTOS.configLIBRARY_LOWEST_INTERRUPT_PRIORITY=15
FREERTOS.configLIBRARY_MAX_SYSCALL_INTERRUPT_PRIORITY=5
FREERTOS.configMAX_CO_ROUTINE_PRIORITIES=2
FREERTOS.configMAX_PRIORITIES=7
FREERTOS.configMAX_TASK_NAME_LEN=16
FREERTOS.configMINIMAL_STACK_SIZE=128
FREERTOS.configQUEUE_REGISTRY_SIZE=8
FREERTOS.configRECORD_STACK_HIGH_ADDRESS=0
FREERTOS.configTICK_RATE_HZ=1000
FREERTOS.configTIMER_QUEUE_LENGTH=10
FREERTOS.configTIMER_TASK_PRIORITY=2
FREERTOS.configTIMER_TASK_STACK_DEPTH=256
FREERTOS.configTOTAL_HEAP_SIZE=15360
FREERTOS.configUSE_APPLICATION_TASK_TAG=0
FREERTOS.configUSE_COUNTING_SEMAPHORES=0
FREERTOS.configUSE_CO_ROUTINES=0
FREERTOS.configUSE_DAEMON_TASK_STARTUP_HOOK=0
FREERTOS.configUSE_IDLE_HOOK=0
FREERTOS.configUSE_MALLOC_FAILED_HOOK=0
FREERTOS.configUSE_MUTEXES=1
FREERTOS.configUSE_PREEMPTION=1
FREERTOS.configUSE_RECURSIVE_MUTEXES=0
FREERTOS.configUSE_STATS_FORMATTING_FUNCTIONS=1
FREERTOS.configUSE_TASK_NOTIFICATIONS=1
FREERTOS.configUSE_TICKLESS_IDLE=0
FREERTOS.configUSE_TICK_HOOK=0
FREERTOS.configUSE_TIMERS=1
FREERTOS.configUSE_TRACE_FACILITY=1
File.Version=6
I2C4.AddressingMode=I2C_ADDRESSINGMODE_7BIT
I2C4.Analog_Filter=I2C_ANALOGFILTER_ENABLE
I2C4.DualAddressMode=I2C_DUALADDRESS_DISABLE
I2C4.GeneralCallMode=I2C_GENERALCALL_DISABLE
I2C4.I2C_Coeff_DF=0
I2C4.I2C_Fall_Time=0
I2C4.I2C_Rise_Time=0
I2C4.I2C_Speed_Mode=I2C_Fast
I2C4.IPParameters=I2C_Speed_Mode,Speed,I2C_Rise_Time,I2C_Fall_Time,I2C_Coeff_DF,Analog_Filter,NoStretchMode,GeneralCallMode,AddressingMode,DualAddressMode,OwnAddress,Timing
I2C4.NoStretchMode=I2C_NOSTRETCH_DISABLE
I2C4.OwnAddress=0
I2C4.Speed=100
I2C4.Timing=0x20100CA3
KeepUserPlacement=true
LWIP.API_LIB_DEBUG=LWIP_DBG_OFF
LWIP.API_MSG_DEBUG=LWIP_DBG_OFF
LWIP.ARP_MAXAGE=300
LWIP.ARP_QUEUEING=0
LWIP.ARP_QUEUE_LEN=3
LWIP.ARP_TABLE_SIZE=10
LWIP.AUTOIP_DEBUG=LWIP_DBG_OFF
LWIP.CBCP_SUPPORT=0
LWIP.CCP_SUPPORT=0
LWIP.CHAP_DEFTIMEOUT=6
LWIP.CHAP_DEFTRANSMITS=10
LWIP.CHAP_SUPPORT=0
LWIP.CHECKSUM_BY_HARDWARE=0
LWIP.CHECKSUM_CHECK_ICMP=0
LWIP.CHECKSUM_CHECK_ICMP6=0
LWIP.CHECKSUM_CHECK_IP=0
LWIP.CHECKSUM_CHECK_TCP=0
LWIP.CHECKSUM_CHECK_UDP=0
LWIP.CHECKSUM_GEN_ICMP=0
LWIP.CHECKSUM_GEN_ICMP6=0
LWIP.CHECKSUM_GEN_IP=0
LWIP.CHECKSUM_GEN_TCP=0
LWIP.CHECKSUM_GEN_UDP=0
LWIP.DEFAULT_ACCEPTMBOX_SIZE=6
LWIP.DEFAULT_RAW_RECVMBOX_SIZE=0
LWIP.DEFAULT_TCP_RECVMBOX_SIZE=6
LWIP.DEFAULT_THREAD_NAME="lwIP"
LWIP.DEFAULT_THREAD_PRIO=3
LWIP.DEFAULT_THREAD_STACKSIZE=1024
LWIP.DEFAULT_UDP_RECVMBOX_SIZE=6
LWIP.DEMAND_SUPPORT=0
LWIP.DHCP_DEBUG=LWIP_DBG_OFF
LWIP.DHCP_DOES_ARP_CHECK=1
LWIP.DNS_DEBUG=LWIP_DBG_OFF
LWIP.DNS_DOES_NAME_CHECK=1
LWIP.DNS_LOCAL_HOSTLIST=0
LWIP.DNS_LOCAL_HOSTLIST_IS_DYNAMIC=0
LWIP.DNS_MAX_NAME_LENGTH=256
LWIP.DNS_MAX_SERVERS=2
LWIP.DNS_TABLE_SIZE=4
LWIP.EAP_DEFALLOWREQ=10
LWIP.EAP_DEFREQTIME=6
LWIP.EAP_SUPPORT=0
LWIP.ECP_SUPPORT=0
LWIP.ETHARP_DEBUG=LWIP_DBG_OFF
LWIP.ETHARP_STATS=0
LWIP.ETHARP_SUPPORT_STATIC_ENTRIES=0
LWIP.ETHARP_SUPPORT_VLAN=0
LWIP.ETHARP_TABLE_MATCH_NETIF=0
LWIP.ETH_PAD_SIZE=0
LWIP.FSM_DEFMAXCONFREQS=10
LWIP.FSM_DEFMAXNAKLOOPS=5
LWIP.FSM_DEFMAXTERMREQS=2
LWIP.FSM_DEFTIMEOUT=6
LWIP.HTTPD_DEBUG=LWIP_DBG_OFF
LWIP.HTTPD_DEBUG_TIMING=LWIP_DBG_OFF
LWIP.ICMP6_STATS=0
LWIP.ICMP_DEBUG=LWIP_DBG_OFF
LWIP.ICMP_STATS=0
LWIP.ICMP_TTL=255
LWIP.IGMP_DEBUG=LWIP_DBG_OFF
LWIP.IGMP_STATS=0
LWIP.INET_DEBUG=LWIP_DBG_OFF
LWIP.IP6_DEBUG=LWIP_DBG_OFF
LWIP.IP6_FRAG_STATS=0
LWIP.IP6_STATS=0
LWIP.IPFRAG_STATS=0
LWIP.IPParameters=LWIP_DHCP,LWIP_ICMP,LWIP_IGMP,LWIP_DNS,LWIP_UDP,MEMP_NUM_UDP_PCB,LWIP_TCP,MEMP_NUM_TCP_PCB,NO_SYS,LWIP_TIMERS,LWIP_TIMERS_CUSTOM,MEMCPY(dst,src,len),SMEMCPY(dst,src,len),LWIP_MPU_COMPATIBLE,LWIP_TCPIP_CORE_LOCKING,LWIP_TCPIP_CORE_LOCKING_INPUT,SYS_LIGHTWEIGHT_PROT,MEM_LIBC_MALLOC,MEMP_MEM_MALLOC,MEM_ALIGNMENT,MEM_SIZE,MEMP_OVERFLOW_CHECK,MEMP_SANITY_CHECK,MEM_USE_POOLS,MEM_USE_POOLS_TRY_BIGGER_POOL,MEMP_USE_CUSTOM_POOLS,LWIP_ALLOW_MEM_FREE_FROM_OTHER_CONTEXT,MEMP_NUM_PBUF,MEMP_NUM_RAW_PCB,MEMP_NUM_TCP_PCB_LISTEN,MEMP_NUM_TCP_SEG,MEMP_NUM_REASSDATA,MEMP_NUM_FRAG_PBUF,MEMP_NUM_ARP_QUEUE,MEMP_NUM_IGMP_GROUP,MEMP_NUM_SYS_TIMEOUT,MEMP_NUM_NETBUF,MEMP_NUM_NETCONN,MEMP_NUM_TCPIP_MSG_API,MEMP_NUM_TCPIP_MSG_INPKT,MEMP_NUM_NETDB,MEMP_NUM_LOCALHOSTLIST,MEMP_NUM_API_MSG,MEMP_NUM_DNS_API_MSG,MEMP_NUM_SOCKET_SETGETSOCKOPT_DATA,MEMP_NUM_NETIFAPI_MSG,PBUF_POOL_SIZE,PBUF_LINK_HLEN,PBUF_LINK_ENCAPSULATION_HLEN,PBUF_POOL_BUFSIZE,LWIP_ARP,ARP_TABLE_SIZE,ARP_MAXAGE,ARP_QUEUEING,ARP_QUEUE_LEN,ETHARP_SUPPORT_VLAN,LWIP_ETHERNET,ETH_PAD_SIZE,ETHARP_SUPPORT_STATIC_ENTRIES,ETHARP_TABLE_MATCH_NETIF,LWIP_IPV4,IP_FORWARD,IP_OPTIONS_ALLOWED,IP_REASSEMBLY,IP_FRAG,IP_REASS_MAXAGE,IP_REASS_MAX_PBUFS,IP_DEFAULT_TTL,IP_SOF_BROADCAST,IP_SOF_BROADCAST_RECV,IP_FORWARD_ALLOW_TX_ON_RX_NETIF,LWIP_RANDOMIZE_INITIAL_LOCAL_PORTS,ICMP_TTL,LWIP_BROADCAST_PING,LWIP_MULTICAST_PING,LWIP_MULTICAST_TX_OPTIONS,LWIP_RAW,RAW_TTL,DHCP_DOES_ARP_CHECK,LWIP_DHCP_CHECK_LINK_UP,LWIP_DHCP_BOOTP_FILE,LWIP_DHCP_GET_NTP_SRV,LWIP_DHCP_MAX_NTP_SERVERS,LWIP_DHCP_MAX_DNS_SERVERS,LWIP_AUTOIP,LWIP_DHCP_AUTOIP_COOP,LWIP_DHCP_AUTOIP_COOP_TRIES,LWIP_MIB2_CALLBACKS,DNS_TABLE_SIZE,DNS_MAX_NAME_LENGTH,DNS_MAX_SERVERS,DNS_DOES_NAME_CHECK,LWIP_DNS_SECURE,DNS_LOCAL_HOSTLIST,DNS_LOCAL_HOSTLIST_IS_DYNAMIC,LWIP_DNS_SUPPORT_MDNS_QUERIES,LWIP_UDPLITE,UDP_TTL,LWIP_NETBUF_RECVINFO,TCP_TTL,TCP_WND,TCP_MAXRTX,TCP_SYNMAXRTX,TCP_QUEUE_OOSEQ,TCP_MSS,TCP_CALCULATE_EFF_SEND_MSS,TCP_SND_BUF,TCP_SND_QUEUELEN,TCP_SNDLOWAT,TCP_SNDQUEUELOWAT,TCP_OOSEQ_MAX_BYTES,TCP_OOSEQ_MAX_PBUFS,TCP_LISTEN_BACKLOG,TCP_DEFAULT_LISTEN_BACKLOG,TCP_OVERSIZE,LWIP_TCP_TIMESTAMPS,TCP_WND_UPDATE_THRESHOLD,LWIP_EVENT_API,LWIP_CALLBACK_API,LWIP_WND_SCALE,TCP_RCV_SCALE,LWIP_NETIF_HOSTNAME,LWIP_NETIF_API,LWIP_NETIF_STATUS_CALLBACK,LWIP_NETIF_LINK_CALLBACK,LWIP_NETIF_REMOVE_CALLBACK,LWIP_NETIF_HWADDRHINT,LWIP_NETIF_TX_SINGLE_PBUF,LWIP_NUM_NETIF_CLIENT_DATA,LWIP_HAVE_LOOPIF,LWIP_LOOPIF_MULTICAST,LWIP_NETIF_LOOPBACK,LWIP_LOOPBACK_MAX_PBUFS,LWIP_NETIF_LOOPBACK_MULTITHREADING,TCPIP_THREAD_NAME,TCPIP_THREAD_STACKSIZE,TCPIP_THREAD_PRIO,TCPIP_MBOX_SIZE,SLIPIF_THREAD_NAME,SLIPIF_THREAD_STACKSIZE,SLIPIF_THREAD_PRIO,DEFAULT_THREAD_NAME,DEFAULT_THREAD_STACKSIZE,DEFAULT_THREAD_PRIO,DEFAULT_RAW_RECVMBOX_SIZE,DEFAULT_UDP_RECVMBOX_SIZE,DEFAULT_TCP_RECVMBOX_SIZE,DEFAULT_ACCEPTMBOX_SIZE,LWIP_NETCONN,LWIP_TCPIP_TIMEOUT,LWIP_NETCONN_SEM_PER_THREAD,LWIP_NETCONN_FULLDUPLEX,LWIP_SOCKET,LWIP_COMPAT_SOCKETS,LWIP_SOCKET_SET_ERRNO,LWIP_POSIX_SOCKETS_IO_NAMES,LWIP_SOCKET_OFFSET,LWIP_TCP_KEEPALIVE,LWIP_SO_SNDTIMEO,LWIP_SO_RCVTIMEO,LWIP_SO_SNDRCVTIMEO_NONSTANDARD,LWIP_SO_RCVBUF,LWIP_SO_LINGER,RECV_BUFSIZE_DEFAULT,LWIP_TCP_CLOSE_TIMEOUT_MS_DEFAULT,SO_REUSE,SO_REUSE_RXTOALL,LWIP_FIONREAD_LINUXMODE,LWIP_USE_EXTERNAL_POLARSSL,LWIP_USE_EXTERNAL_MBEDTLS,LWIP_INCLUDED_POLARSSL_MD5,LWIP_INCLUDED_POLARSSL_MD4,LWIP_INCLUDED_POLARSSL_SHA1,LWIP_INCLUDED_POLARSSL_DES,LWIP_INCLUDED_POLARSSL_ARC4,PPP_SUPPORT,PPPOE_SUPPORT,PPPOL2TP_SUPPORT,PPPOL2TP_AUTH_SUPPORT,PPPOS_SUPPORT,LWIP_PPP_API,MEMP_NUM_PPP_PCB,MEMP_NUM_PPPOS_INTERFACES,MEMP_NUM_PPPOE_INTERFACES,MEMP_NUM_PPPOL2TP_INTERFACES,MEMP_NUM_PPP_API_MSG,PPP_INPROC_IRQ_SAFE,PRINTPKT_SUPPORT,PPP_IPV4_SUPPORT,PPP_IPV6_SUPPORT,PPP_NOTIFY_PHASE,PPP_USE_PBUF_RAM,PPP_FCS_TABLE,PAP_SUPPORT,CHAP_SUPPORT,MSCHAP_SUPPORT,EAP_SUPPORT,CCP_SUPPORT,MPPE_SUPPORT,CBCP_SUPPORT,ECP_SUPPORT,DEMAND_SUPPORT,LQR_SUPPORT,PPP_SERVER,VJ_SUPPORT,PPP_MD5_RANDM,FSM_DEFTIMEOUT,FSM_DEFMAXTERMREQS,FSM_DEFMAXCONFREQS,FSM_DEFMAXNAKLOOPS,UPAP_DEFTIMEOUT,UPAP_DEFTRANSMITS,UPAP_DEFREQTIME,CHAP_DEFTIMEOUT,CHAP_DEFTRANSMITS,EAP_DEFREQTIME,EAP_DEFALLOWREQ,LCP_DEFLOOPBACKFAIL,LCP_ECHOINTERVAL,LCP_MAXECHOFAILS,PPP_MAXIDLEFLAG,PPP_MRU,PPP_DEFMRU,PPP_MAXMRU,PPP_MINMRU,MAXNAMELEN,MAXSECRETLEN,LWIP_IPV6,LWIP_IPV6_NUM_ADDRESSES,LWIP_IPV6_FORWARD,LWIP_IPV6_FRAG,LWIP_IPV6_REASS,LWIP_IPV6_SEND_ROUTER_SOLICIT,LWIP_IPV6_AUTOCONFIG,LWIP_IPV6_DUP_DETECT_ATTEMPTS,LWIP_ICMP6,LWIP_ICMP6_DATASIZE,LWIP_ICMP6_HL,LWIP_IPV6_MLD,MEMP_NUM_MLD6_GROUP,LWIP_ND6_QUEUEING,MEMP_NUM_ND6_QUEUE,LWIP_ND6_NUM_NEIGHBORS,LWIP_ND6_NUM_DESTINATIONS,LWIP_ND6_NUM_PREFIXES,LWIP_ND6_NUM_ROUTERS,LWIP_ND6_MAX_MULTICAST_SOLICIT,LWIP_ND6_MAX_UNICAST_SOLICIT,LWIP_ND6_MAX_ANYCAST_DELAY_TIME,LWIP_ND6_MAX_NEIGHBOR_ADVERTISEMENT,LWIP_ND6_REACHABLE_TIME,LWIP_ND6_RETRANS_TIMER,LWIP_ND6_DELAY_FIRST_PROBE_TIME,LWIP_ND6_ALLOW_RA_UPDATES,LWIP_ND6_TCP_REACHABILITY_HINTS,LWIP_ND6_RDNSS_MAX_DNS_SERVERS,LWIP_HTTPD,LWIP_SNMP,SNMP_USE_NETCONN,SNMP_USE_RAW,SNMP_LWIP_MIB2,LWIP_SNMP_V3,LWIP_SNMP_V3_CRYPTO,LWIP_SNMP_V3_MBEDTLS,LWIP_SNTP,SNTP_SERVER_DNS,LWIP_MDNS,LWIP_TFTP,LWIP_DISABLE_TCP_SANITY_CHECKS,LWIP_DISABLE_MEMP_SANITY_CHECKS,LWIP_PERF,LWIP_STATS,LWIP_STATS_DISPLAY,LINK_STATS,ETHARP_STATS,IP_STATS,IPFRAG_STATS,ICMP_STATS,IGMP_STATS,UDP_STATS,TCP_STATS,MEM_STATS,MEMP_STATS,SYS_STATS,IP6_STATS,ICMP6_STATS,IP6_FRAG_STATS,MLD6_STATS,ND6_STATS,MIB2_STATS,CHECKSUM_BY_HARDWARE,LWIP_CHECKSUM_CTRL_PER_NETIF,CHECKSUM_GEN_IP,CHECKSUM_GEN_UDP,CHECKSUM_GEN_TCP,CHECKSUM_GEN_ICMP,CHECKSUM_GEN_ICMP6,CHECKSUM_CHECK_IP,CHECKSUM_CHECK_UDP,CHECKSUM_CHECK_TCP,CHECKSUM_CHECK_ICMP,CHECKSUM_CHECK_ICMP6,LWIP_CHECKSUM_ON_COPY,LWIP_DBG_MIN_LEVEL,LWIP_DBG_TYPES_ON,ETHARP_DEBUG,NETIF_DEBUG,PBUF_DEBUG,API_LIB_DEBUG,API_MSG_DEBUG,SOCKETS_DEBUG,ICMP_DEBUG,IGMP_DEBUG,INET_DEBUG,IP_DEBUG,IP_REASS_DEBUG,RAW_DEBUG,MEM_DEBUG,MEMP_DEBUG,SYS_DEBUG,TIMERS_DEBUG,TCP_DEBUG,TCP_INPUT_DEBUG,TCP_FR_DEBUG,TCP_RTO_DEBUG,TCP_CWND_DEBUG,TCP_WND_DEBUG,TCP_OUTPUT_DEBUG,TCP_RST_DEBUG,TCP_QLEN_DEBUG,UDP_DEBUG,TCPIP_DEBUG,SLIP_DEBUG,DHCP_DEBUG,AUTOIP_DEBUG,DNS_DEBUG,PPP_DEBUG,IP6_DEBUG,HTTPD_DEBUG,HTTPD_DEBUG_TIMING,SNMP_DEBUG,SNMP_MIB_DEBUG,SNTP_DEBUG,MDNS_DEBUG,TFTP_DEBUG
LWIP.IP_DEBUG=LWIP_DBG_OFF
LWIP.IP_DEFAULT_TTL=255
LWIP.IP_FORWARD=0
LWIP.IP_FORWARD_ALLOW_TX_ON_RX_NETIF=0
LWIP.IP_FRAG=1
LWIP.IP_OPTIONS_ALLOWED=1
LWIP.IP_REASSEMBLY=1
LWIP.IP_REASS_DEBUG=LWIP_DBG_OFF
LWIP.IP_REASS_MAXAGE=3
LWIP.IP_REASS_MAX_PBUFS=10
LWIP.IP_SOF_BROADCAST=0
LWIP.IP_SOF_BROADCAST_RECV=0
LWIP.IP_STATS=0
LWIP.LCP_DEFLOOPBACKFAIL=10
LWIP.LCP_ECHOINTERVAL=0
LWIP.LCP_MAXECHOFAILS=3
LWIP.LINK_STATS=0
LWIP.LQR_SUPPORT=0
LWIP.LWIP_ALLOW_MEM_FREE_FROM_OTHER_CONTEXT=0
LWIP.LWIP_ARP=1
LWIP.LWIP_AUTOIP=0
LWIP.LWIP_BROADCAST_PING=0
LWIP.LWIP_CALLBACK_API=1
LWIP.LWIP_CHECKSUM_CTRL_PER_NETIF=0
LWIP.LWIP_CHECKSUM_ON_COPY=0
LWIP.LWIP_COMPAT_SOCKETS=1
LWIP.LWIP_DBG_MIN_LEVEL=LWIP_DBG_LEVEL_ALL
LWIP.LWIP_DBG_TYPES_ON=LWIP_DBG_ON
LWIP.LWIP_DHCP=1
LWIP.LWIP_DHCP_AUTOIP_COOP=0
LWIP.LWIP_DHCP_AUTOIP_COOP_TRIES=9
LWIP.LWIP_DHCP_BOOTP_FILE=0
LWIP.LWIP_DHCP_CHECK_LINK_UP=0
LWIP.LWIP_DHCP_GET_NTP_SRV=0
LWIP.LWIP_DHCP_MAX_DNS_SERVERS=2
LWIP.LWIP_DHCP_MAX_NTP_SERVERS=1
LWIP.LWIP_DISABLE_MEMP_SANITY_CHECKS=0
LWIP.LWIP_DISABLE_TCP_SANITY_CHECKS=0
LWIP.LWIP_DNS=0
LWIP.LWIP_DNS_SECURE=7
LWIP.LWIP_DNS_SUPPORT_MDNS_QUERIES=0
LWIP.LWIP_ETHERNET=1
LWIP.LWIP_EVENT_API=0
LWIP.LWIP_FIONREAD_LINUXMODE=0
LWIP.LWIP_HAVE_LOOPIF=0
LWIP.LWIP_HTTPD=0
LWIP.LWIP_ICMP=1
LWIP.LWIP_ICMP6=0
LWIP.LWIP_ICMP6_DATASIZE=8
LWIP.LWIP_ICMP6_HL=255
LWIP.LWIP_IGMP=0
LWIP.LWIP_INCLUDED_POLARSSL_ARC4=0
LWIP.LWIP_INCLUDED_POLARSSL_DES=0
LWIP.LWIP_INCLUDED_POLARSSL_MD4=0
LWIP.LWIP_INCLUDED_POLARSSL_MD5=0
LWIP.LWIP_INCLUDED_POLARSSL_SHA1=0
LWIP.LWIP_IPV4=1
LWIP.LWIP_IPV6=0
LWIP.LWIP_IPV6_AUTOCONFIG=0
LWIP.LWIP_IPV6_DUP_DETECT_ATTEMPTS=1
LWIP.LWIP_IPV6_FORWARD=0
LWIP.LWIP_IPV6_FRAG=0
LWIP.LWIP_IPV6_MLD=0
LWIP.LWIP_IPV6_NUM_ADDRESSES=3
LWIP.LWIP_IPV6_REASS=0
LWIP.LWIP_IPV6_SEND_ROUTER_SOLICIT=1
LWIP.LWIP_LOOPBACK_MAX_PBUFS=0
LWIP.LWIP_LOOPIF_MULTICAST=0
LWIP.LWIP_MDNS=0
LWIP.LWIP_MIB2_CALLBACKS=0
LWIP.LWIP_MPU_COMPATIBLE=0
LWIP.LWIP_MULTICAST_PING=0
LWIP.LWIP_MULTICAST_TX_OPTIONS=0
LWIP.LWIP_ND6_ALLOW_RA_UPDATES=1
LWIP.LWIP_ND6_DELAY_FIRST_PROBE_TIME=5000
LWIP.LWIP_ND6_MAX_ANYCAST_DELAY_TIME=1000
LWIP.LWIP_ND6_MAX_MULTICAST_SOLICIT=3
LWIP.LWIP_ND6_MAX_NEIGHBOR_ADVERTISEMENT=3
LWIP.LWIP_ND6_MAX_UNICAST_SOLICIT=3
LWIP.LWIP_ND6_NUM_DESTINATIONS=10
LWIP.LWIP_ND6_NUM_NEIGHBORS=10
LWIP.LWIP_ND6_NUM_PREFIXES=5
LWIP.LWIP_ND6_NUM_ROUTERS=3
LWIP.LWIP_ND6_QUEUEING=0
LWIP.LWIP_ND6_RDNSS_MAX_DNS_SERVERS=0
LWIP.LWIP_ND6_REACHABLE_TIME=30000
LWIP.LWIP_ND6_RETRANS_TIMER=1000
LWIP.LWIP_ND6_TCP_REACHABILITY_HINTS=1
LWIP.LWIP_NETBUF_RECVINFO=0
LWIP.LWIP_NETCONN=1
LWIP.LWIP_NETCONN_FULLDUPLEX=0
LWIP.LWIP_NETCONN_SEM_PER_THREAD=0
LWIP.LWIP_NETIF_API=0
LWIP.LWIP_NETIF_HOSTNAME=0
LWIP.LWIP_NETIF_HWADDRHINT=0
LWIP.LWIP_NETIF_LINK_CALLBACK=0
LWIP.LWIP_NETIF_LOOPBACK=0
LWIP.LWIP_NETIF_LOOPBACK_MULTITHREADING=1
LWIP.LWIP_NETIF_REMOVE_CALLBACK=0
LWIP.LWIP_NETIF_STATUS_CALLBACK=0
LWIP.LWIP_NETIF_TX_SINGLE_PBUF=0
LWIP.LWIP_NUM_NETIF_CLIENT_DATA=0
LWIP.LWIP_PERF=0
LWIP.LWIP_POSIX_SOCKETS_IO_NAMES=1
LWIP.LWIP_PPP_API=0
LWIP.LWIP_RANDOMIZE_INITIAL_LOCAL_PORTS=0
LWIP.LWIP_RAW=0
LWIP.LWIP_SNMP=0
LWIP.LWIP_SNMP_V3=0
LWIP.LWIP_SNMP_V3_CRYPTO=0
LWIP.LWIP_SNMP_V3_MBEDTLS=0
LWIP.LWIP_SNTP=0
LWIP.LWIP_SOCKET=1
LWIP.LWIP_SOCKET_OFFSET=0
LWIP.LWIP_SOCKET_SET_ERRNO=1
LWIP.LWIP_SO_LINGER=0
LWIP.LWIP_SO_RCVBUF=0
LWIP.LWIP_SO_RCVTIMEO=0
LWIP.LWIP_SO_SNDRCVTIMEO_NONSTANDARD=0
LWIP.LWIP_SO_SNDTIMEO=0
LWIP.LWIP_STATS=0
LWIP.LWIP_STATS_DISPLAY=0
LWIP.LWIP_TCP=1
LWIP.LWIP_TCPIP_CORE_LOCKING=0
LWIP.LWIP_TCPIP_CORE_LOCKING_INPUT=0
LWIP.LWIP_TCPIP_TIMEOUT=0
LWIP.LWIP_TCP_CLOSE_TIMEOUT_MS_DEFAULT=20000
LWIP.LWIP_TCP_KEEPALIVE=0
LWIP.LWIP_TCP_TIMESTAMPS=0
LWIP.LWIP_TFTP=0
LWIP.LWIP_TIMERS=1
LWIP.LWIP_TIMERS_CUSTOM=0
LWIP.LWIP_UDP=1
LWIP.LWIP_UDPLITE=0
LWIP.LWIP_USE_EXTERNAL_MBEDTLS=0
LWIP.LWIP_USE_EXTERNAL_POLARSSL=0
LWIP.LWIP_WND_SCALE=0
LWIP.MAXNAMELEN=256
LWIP.MAXSECRETLEN=256
LWIP.MDNS_DEBUG=LWIP_DBG_OFF
LWIP.MEMCPY(dst,src,len)=memcpy(dst,src,len)
LWIP.MEMP_DEBUG=LWIP_DBG_OFF
LWIP.MEMP_MEM_MALLOC=0
LWIP.MEMP_NUM_API_MSG=8
LWIP.MEMP_NUM_ARP_QUEUE=30
LWIP.MEMP_NUM_DNS_API_MSG=8
LWIP.MEMP_NUM_FRAG_PBUF=15
LWIP.MEMP_NUM_IGMP_GROUP=8
LWIP.MEMP_NUM_LOCALHOSTLIST=1
LWIP.MEMP_NUM_MLD6_GROUP=4
LWIP.MEMP_NUM_ND6_QUEUE=20
LWIP.MEMP_NUM_NETBUF=2
LWIP.MEMP_NUM_NETCONN=4
LWIP.MEMP_NUM_NETDB=1
LWIP.MEMP_NUM_NETIFAPI_MSG=8
LWIP.MEMP_NUM_PBUF=16
LWIP.MEMP_NUM_PPPOE_INTERFACES=1
LWIP.MEMP_NUM_PPPOL2TP_INTERFACES=1
LWIP.MEMP_NUM_PPPOS_INTERFACES=1
LWIP.MEMP_NUM_PPP_API_MSG=5
LWIP.MEMP_NUM_PPP_PCB=1
LWIP.MEMP_NUM_RAW_PCB=4
LWIP.MEMP_NUM_REASSDATA=5
LWIP.MEMP_NUM_SOCKET_SETGETSOCKOPT_DATA=8
LWIP.MEMP_NUM_SYS_TIMEOUT=5
LWIP.MEMP_NUM_TCPIP_MSG_API=8
LWIP.MEMP_NUM_TCPIP_MSG_INPKT=8
LWIP.MEMP_NUM_TCP_PCB=5
LWIP.MEMP_NUM_TCP_PCB_LISTEN=8
LWIP.MEMP_NUM_TCP_SEG=16
LWIP.MEMP_NUM_UDP_PCB=4
LWIP.MEMP_OVERFLOW_CHECK=0
LWIP.MEMP_SANITY_CHECK=0
LWIP.MEMP_STATS=0
LWIP.MEMP_USE_CUSTOM_POOLS=0
LWIP.MEM_ALIGNMENT=4
LWIP.MEM_DEBUG=LWIP_DBG_OFF
LWIP.MEM_LIBC_MALLOC=0
LWIP.MEM_SIZE=1600
LWIP.MEM_STATS=0
LWIP.MEM_USE_POOLS=0
LWIP.MEM_USE_POOLS_TRY_BIGGER_POOL=0
LWIP.MIB2_STATS=0
LWIP.MLD6_STATS=0
LWIP.MPPE_SUPPORT=0
LWIP.MSCHAP_SUPPORT=0
LWIP.ND6_STATS=0
LWIP.NETIF_DEBUG=LWIP_DBG_OFF
LWIP.NO_SYS=0
LWIP.PAP_SUPPORT=0
LWIP.PBUF_DEBUG=LWIP_DBG_OFF
LWIP.PBUF_LINK_ENCAPSULATION_HLEN=0
LWIP.PBUF_LINK_HLEN=14
LWIP.PBUF_POOL_BUFSIZE=592
LWIP.PBUF_POOL_SIZE=16
LWIP.PPPOE_SUPPORT=0
LWIP.PPPOL2TP_AUTH_SUPPORT=0
LWIP.PPPOL2TP_SUPPORT=0
LWIP.PPPOS_SUPPORT=0
LWIP.PPP_DEBUG=LWIP_DBG_OFF
LWIP.PPP_DEFMRU=1500
LWIP.PPP_FCS_TABLE=1
LWIP.PPP_INPROC_IRQ_SAFE=0
LWIP.PPP_IPV4_SUPPORT=1
LWIP.PPP_IPV6_SUPPORT=0
LWIP.PPP_MAXIDLEFLAG=100
LWIP.PPP_MAXMRU=1500
LWIP.PPP_MD5_RANDM=0
LWIP.PPP_MINMRU=128
LWIP.PPP_MRU=1500
LWIP.PPP_NOTIFY_PHASE=0
LWIP.PPP_SERVER=0
LWIP.PPP_SUPPORT=0
LWIP.PPP_USE_PBUF_RAM=0
LWIP.PRINTPKT_SUPPORT=0
LWIP.RAW_DEBUG=LWIP_DBG_OFF
LWIP.RAW_TTL=255
LWIP.RECV_BUFSIZE_DEFAULT=2000000000
LWIP.SLIPIF_THREAD_NAME="slipif_loop"
LWIP.SLIPIF_THREAD_PRIO=3
LWIP.SLIPIF_THREAD_STACKSIZE=1024
LWIP.SLIP_DEBUG=LWIP_DBG_OFF
LWIP.SMEMCPY(dst,src,len)=memcpy(dst,src,len)
LWIP.SNMP_DEBUG=LWIP_DBG_OFF
LWIP.SNMP_LWIP_MIB2=0
LWIP.SNMP_MIB_DEBUG=LWIP_DBG_OFF
LWIP.SNMP_USE_NETCONN=0
LWIP.SNMP_USE_RAW=1
LWIP.SNTP_DEBUG=LWIP_DBG_OFF
LWIP.SNTP_SERVER_DNS=0
LWIP.SOCKETS_DEBUG=LWIP_DBG_OFF
LWIP.SO_REUSE=0
LWIP.SO_REUSE_RXTOALL=0
LWIP.SYS_DEBUG=LWIP_DBG_OFF
LWIP.SYS_LIGHTWEIGHT_PROT=1
LWIP.SYS_STATS=0
LWIP.TCPIP_DEBUG=LWIP_DBG_OFF
LWIP.TCPIP_MBOX_SIZE=6
LWIP.TCPIP_THREAD_NAME="tcpip_thread"
LWIP.TCPIP_THREAD_PRIO=3
LWIP.TCPIP_THREAD_STACKSIZE=1024
LWIP.TCP_CALCULATE_EFF_SEND_MSS=1
LWIP.TCP_CWND_DEBUG=LWIP_DBG_OFF
LWIP.TCP_DEBUG=LWIP_DBG_OFF
LWIP.TCP_DEFAULT_LISTEN_BACKLOG=255
LWIP.TCP_FR_DEBUG=LWIP_DBG_OFF
LWIP.TCP_INPUT_DEBUG=LWIP_DBG_OFF
LWIP.TCP_LISTEN_BACKLOG=0
LWIP.TCP_MAXRTX=12
LWIP.TCP_MSS=536
LWIP.TCP_OOSEQ_MAX_BYTES=0
LWIP.TCP_OOSEQ_MAX_PBUFS=0
LWIP.TCP_OUTPUT_DEBUG=LWIP_DBG_OFF
LWIP.TCP_OVERSIZE=TCP_MSS
LWIP.TCP_QLEN_DEBUG=LWIP_DBG_OFF
LWIP.TCP_QUEUE_OOSEQ=1
LWIP.TCP_RCV_SCALE=0
LWIP.TCP_RST_DEBUG=LWIP_DBG_OFF
LWIP.TCP_RTO_DEBUG=LWIP_DBG_OFF
LWIP.TCP_SNDLOWAT=1071
LWIP.TCP_SNDQUEUELOWAT=5
LWIP.TCP_SND_BUF=1072
LWIP.TCP_SND_QUEUELEN=9
LWIP.TCP_STATS=0
LWIP.TCP_SYNMAXRTX=6
LWIP.TCP_TTL=255
LWIP.TCP_WND=2144
LWIP.TCP_WND_DEBUG=LWIP_DBG_OFF
LWIP.TCP_WND_UPDATE_THRESHOLD=536
LWIP.TFTP_DEBUG=LWIP_DBG_OFF
LWIP.TIMERS_DEBUG=LWIP_DBG_OFF
LWIP.UDP_DEBUG=LWIP_DBG_OFF
LWIP.UDP_STATS=0
LWIP.UDP_TTL=255
LWIP.UPAP_DEFREQTIME=30
LWIP.UPAP_DEFTIMEOUT=6
LWIP.UPAP_DEFTRANSMITS=10
LWIP.VJ_SUPPORT=0
LWIP.Version=v2.0.3_Cube
Mcu.Family=STM32F7
Mcu.IP0=CORTEX_M7
Mcu.IP1=DMA
Mcu.IP10=SYS
Mcu.IP11=TIM2
Mcu.IP12=UART4
Mcu.IP13=UART5
Mcu.IP14=UART7
Mcu.IP15=UART8
Mcu.IP16=USART1
Mcu.IP17=USART2
Mcu.IP18=USART3
Mcu.IP19=USART6
Mcu.IP2=ETH
Mcu.IP3=FREERTOS
Mcu.IP4=GFXSIMULATOR
Mcu.IP5=I2C4
Mcu.IP6=LWIP
Mcu.IP7=NVIC
Mcu.IP8=RCC
Mcu.IP9=SPI1
Mcu.IPNb=20
Mcu.Name=STM32F746ZGTx
Mcu.Package=LQFP144
Mcu.Pin0=PC13
Mcu.Pin1=PC14/OSC32_IN
Mcu.Pin10=PA0/WKUP
Mcu.Pin11=PA1
Mcu.Pin12=PA2
Mcu.Pin13=PA3
Mcu.Pin14=PA5
Mcu.Pin15=PA6
Mcu.Pin16=PA7
Mcu.Pin17=PC4
Mcu.Pin18=PC5
Mcu.Pin19=PB0
Mcu.Pin2=PC15/OSC32_OUT
Mcu.Pin20=PF12
Mcu.Pin21=PF13
Mcu.Pin22=PF14
Mcu.Pin23=PF15
Mcu.Pin24=PG0
Mcu.Pin25=PG1
Mcu.Pin26=PB13
Mcu.Pin27=PB14
Mcu.Pin28=PD8
Mcu.Pin29=PD9
Mcu.Pin3=PF0
Mcu.Pin30=PD12
Mcu.Pin31=PD13
Mcu.Pin32=PG6
Mcu.Pin33=PG7
Mcu.Pin34=PC6
Mcu.Pin35=PC7
Mcu.Pin36=PA9
Mcu.Pin37=PA10
Mcu.Pin38=PA13
Mcu.Pin39=PA14
Mcu.Pin4=PF1
Mcu.Pin40=PC11
Mcu.Pin41=PC12
Mcu.Pin42=PD2
Mcu.Pin43=PD5
Mcu.Pin44=PG11
Mcu.Pin45=PG13
Mcu.Pin46=PB3
Mcu.Pin47=PB5
Mcu.Pin48=PB7
Mcu.Pin49=PE0
Mcu.Pin5=PF6
Mcu.Pin50=PE1
Mcu.Pin51=VP_FREERTOS_VS_CMSIS_V1
Mcu.Pin52=VP_LWIP_VS_Enabled
Mcu.Pin53=VP_SYS_VS_tim14
Mcu.Pin54=VP_TIM2_VS_ClockSourceINT
Mcu.Pin6=PF7
Mcu.Pin7=PH0/OSC_IN
Mcu.Pin8=PH1/OSC_OUT
Mcu.Pin9=PC1
Mcu.PinsNb=55
Mcu.ThirdPartyNb=0
Mcu.UserConstants=DMX_BAUD_RATE,250000;DMX_STATE_MBB,1;DMX_STATE_BREAK,2;DMX_STATE_MAB,4;DMX_STATE_DMA,8;DMX_MARK_BEFORE_BREAK,64;DMX_MARK_BREAK,176;DMX_MARK_AFTER_BREAK,64;DMX_CHANNELS,512;DMX_START_CODE,0;DMX_TIM_Prescaler,107;DMX_TIM_CounterPeriod_x32,0xFFFFFFFF;DMX_TIM_CounterPeriod_x16,0xFFFF
Mcu.UserName=STM32F746ZGTx
MxCube.Version=5.1.0
MxDb.Version=DB.5.0.10
NVIC.BusFault_IRQn=true\:0\:0\:false\:false\:true\:false\:true\:false
NVIC.DMA1_Stream0_IRQn=true\:5\:0\:false\:false\:true\:true\:false\:true
NVIC.DMA1_Stream1_IRQn=true\:5\:0\:false\:false\:true\:true\:false\:true
NVIC.DMA1_Stream2_IRQn=true\:5\:0\:false\:false\:true\:true\:false\:true
NVIC.DMA1_Stream4_IRQn=true\:5\:0\:false\:false\:true\:true\:false\:true
NVIC.DMA1_Stream5_IRQn=true\:5\:0\:false\:false\:true\:true\:false\:true
NVIC.DMA1_Stream6_IRQn=true\:5\:0\:false\:false\:true\:true\:false\:true
NVIC.DMA1_Stream7_IRQn=true\:5\:0\:false\:false\:true\:true\:false\:true
NVIC.DMA2_Stream6_IRQn=true\:5\:0\:false\:false\:true\:true\:false\:true
NVIC.DMA2_Stream7_IRQn=true\:5\:0\:false\:false\:true\:true\:false\:true
NVIC.DebugMonitor_IRQn=true\:0\:0\:false\:false\:true\:false\:true\:false
NVIC.ETH_IRQn=true\:5\:0\:false\:false\:true\:true\:false\:true
NVIC.HardFault_IRQn=true\:0\:0\:false\:false\:true\:false\:true\:false
NVIC.I2C4_EV_IRQn=true\:5\:0\:false\:false\:true\:true\:true\:true
NVIC.MemoryManagement_IRQn=true\:0\:0\:false\:false\:true\:false\:true\:false
NVIC.NonMaskableInt_IRQn=true\:0\:0\:false\:false\:true\:false\:true\:false
NVIC.PendSV_IRQn=true\:15\:0\:false\:false\:false\:true\:true\:false
NVIC.PriorityGroup=NVIC_PRIORITYGROUP_4
NVIC.SVCall_IRQn=true\:0\:0\:false\:false\:false\:false\:true\:false
NVIC.SysTick_IRQn=true\:15\:0\:false\:false\:false\:true\:true\:true
NVIC.TIM2_IRQn=true\:5\:0\:false\:false\:true\:true\:true\:true
NVIC.TIM8_TRG_COM_TIM14_IRQn=true\:0\:0\:false\:false\:true\:false\:false\:true
NVIC.TimeBase=TIM8_TRG_COM_TIM14_IRQn
NVIC.TimeBaseIP=TIM14
NVIC.UART4_IRQn=true\:5\:0\:false\:false\:true\:true\:true\:true
NVIC.UART5_IRQn=true\:5\:0\:false\:false\:true\:true\:true\:true
NVIC.UART7_IRQn=true\:5\:0\:false\:false\:true\:true\:true\:true
NVIC.UART8_IRQn=true\:5\:0\:false\:false\:true\:true\:true\:true
NVIC.USART1_IRQn=true\:5\:0\:false\:false\:true\:true\:true\:true
NVIC.USART2_IRQn=true\:5\:0\:false\:false\:true\:true\:true\:true
NVIC.USART6_IRQn=true\:5\:0\:false\:false\:true\:true\:true\:true
NVIC.UsageFault_IRQn=true\:0\:0\:false\:false\:true\:false\:true\:false
PA0/WKUP.GPIOParameters=GPIO_Label,GPIO_PuPd
PA0/WKUP.GPIO_Label=DMX_TX_U04
PA0/WKUP.GPIO_PuPd=GPIO_PULLUP
PA0/WKUP.Locked=true
PA0/WKUP.Mode=Asynchronous
PA0/WKUP.Signal=UART4_TX
PA1.GPIOParameters=GPIO_Label
PA1.GPIO_Label=RMII_REF_CLK [LAN8742A-CZ-TR_REFCLK0]
PA1.Locked=true
PA1.Mode=RMII
PA1.Signal=ETH_REF_CLK
PA10.GPIOParameters=GPIO_Label,GPIO_PuPd
PA10.GPIO_Label=DMX_RX_U01
PA10.GPIO_PuPd=GPIO_PULLUP
PA10.Locked=true
PA10.Mode=Asynchronous
PA10.Signal=USART1_RX
PA13.GPIOParameters=GPIO_Label
PA13.GPIO_Label=TMS
PA13.Locked=true
PA13.Mode=Serial_Wire
PA13.Signal=SYS_JTMS-SWDIO
PA14.GPIOParameters=GPIO_Label
PA14.GPIO_Label=TCK
PA14.Locked=true
PA14.Mode=Serial_Wire
PA14.Signal=SYS_JTCK-SWCLK
PA2.GPIOParameters=GPIO_Label
PA2.GPIO_Label=RMII_MDIO [LAN8742A-CZ-TR_MDIO]
PA2.Locked=true
PA2.Mode=RMII
PA2.Signal=ETH_MDIO
PA3.GPIOParameters=GPIO_Label,GPIO_PuPd
PA3.GPIO_Label=DMX_RX_U02
PA3.GPIO_PuPd=GPIO_PULLUP
PA3.Locked=true
PA3.Mode=Asynchronous
PA3.Signal=USART2_RX
PA5.GPIOParameters=GPIO_Label
PA5.GPIO_Label=WiFi_SCK
PA5.Mode=Full_Duplex_Slave
PA5.Signal=SPI1_SCK
PA6.GPIOParameters=GPIO_Label
PA6.GPIO_Label=WiFi_MISO
PA6.Mode=Full_Duplex_Slave
PA6.Signal=SPI1_MISO
PA7.GPIOParameters=GPIO_Label
PA7.GPIO_Label=RMII_CRS_DV [LAN8742A-CZ-TR_CRS_DV]
PA7.Locked=true
PA7.Mode=RMII
PA7.Signal=ETH_CRS_DV
PA9.GPIOParameters=GPIO_Label,GPIO_PuPd
PA9.GPIO_Label=DMX_TX_U01
PA9.GPIO_PuPd=GPIO_PULLUP
PA9.Locked=true
PA9.Mode=Asynchronous
PA9.Signal=USART1_TX
PB0.GPIOParameters=GPIO_Label
PB0.GPIO_Label=LED_DMX_TX [Green]
PB0.Locked=true
PB0.Signal=GPIO_Output
PB13.GPIOParameters=GPIO_Label
PB13.GPIO_Label=RMII_TXD1 [LAN8742A-CZ-TR_TXD1]
PB13.Locked=true
PB13.Mode=RMII
PB13.Signal=ETH_TXD1
PB14.GPIOParameters=GPIO_Label
PB14.GPIO_Label=LED_DMX_RX [Red]
PB14.Locked=true
PB14.Signal=GPIO_Output
PB3.GPIOParameters=GPIO_Label
PB3.GPIO_Label=SW0
PB3.Locked=true
PB3.Signal=SYS_JTDO-SWO
PB5.GPIOParameters=GPIO_Label
PB5.GPIO_Label=WiFi_MOSI
PB5.Mode=Full_Duplex_Slave
PB5.Signal=SPI1_MOSI
PB7.GPIOParameters=GPIO_Label
PB7.GPIO_Label=LED_ARTNET_TXRX [Blue]
PB7.Locked=true
PB7.Signal=GPIO_Output
PC1.GPIOParameters=GPIO_Label
PC1.GPIO_Label=RMII_MDC [LAN8742A-CZ-TR_MDC]
PC1.Locked=true
PC1.Mode=RMII
PC1.Signal=ETH_MDC
PC11.GPIOParameters=GPIO_Label,GPIO_PuPd
PC11.GPIO_Label=DMX_RX_U04
PC11.GPIO_PuPd=GPIO_PULLUP
PC11.Locked=true
PC11.Mode=Asynchronous
PC11.Signal=UART4_RX
PC12.GPIOParameters=GPIO_Label,GPIO_PuPd
PC12.GPIO_Label=DMX_TX_U05
PC12.GPIO_PuPd=GPIO_PULLUP
PC12.Locked=true
PC12.Mode=Asynchronous
PC12.Signal=UART5_TX
PC13.GPIOParameters=GPIO_Label
PC13.GPIO_Label=USER_Btn [B1]
PC13.Locked=true
PC13.Signal=GPXTI13
PC14/OSC32_IN.Locked=true
PC14/OSC32_IN.Mode=LSE-External-Oscillator
PC14/OSC32_IN.Signal=RCC_OSC32_IN
PC15/OSC32_OUT.Locked=true
PC15/OSC32_OUT.Mode=LSE-External-Oscillator
PC15/OSC32_OUT.Signal=RCC_OSC32_OUT
PC4.GPIOParameters=GPIO_Label
PC4.GPIO_Label=RMII_RXD0 [LAN8742A-CZ-TR_RXD0]
PC4.Locked=true
PC4.Mode=RMII
PC4.Signal=ETH_RXD0
PC5.GPIOParameters=GPIO_Label
PC5.GPIO_Label=RMII_RXD1 [LAN8742A-CZ-TR_RXD1]
PC5.Locked=true
PC5.Mode=RMII
PC5.Signal=ETH_RXD1
PC6.GPIOParameters=GPIO_Label,GPIO_PuPd
PC6.GPIO_Label=DMX_TX_U06
PC6.GPIO_PuPd=GPIO_PULLUP
PC6.Locked=true
PC6.Mode=Asynchronous
PC6.Signal=USART6_TX
PC7.GPIOParameters=GPIO_Label,GPIO_PuPd
PC7.GPIO_Label=DMX_RX_U06
PC7.GPIO_PuPd=GPIO_PULLUP
PC7.Locked=true
PC7.Mode=Asynchronous
PC7.Signal=USART6_RX
PCC.Checker=false
PCC.Line=STM32F7x6
PCC.MCU=STM32F746ZGTx
PCC.PartNumber=STM32F746ZGTx
PCC.Seq0=0
PCC.Series=STM32F7
PCC.Temperature=25
PCC.Vdd=3.3
PD12.GPIOParameters=GPIO_Label
PD12.GPIO_Label=LCD_SCL
PD12.Mode=I2C
PD12.Signal=I2C4_SCL
PD13.GPIOParameters=GPIO_Label
PD13.GPIO_Label=LCD_SDA
PD13.Mode=I2C
PD13.Signal=I2C4_SDA
PD2.GPIOParameters=GPIO_Label,GPIO_PuPd
PD2.GPIO_Label=DMX_RX_U05
PD2.GPIO_PuPd=GPIO_PULLUP
PD2.Locked=true
PD2.Mode=Asynchronous
PD2.Signal=UART5_RX
PD5.GPIOParameters=GPIO_Label,GPIO_PuPd
PD5.GPIO_Label=DMX_TX_U02
PD5.GPIO_PuPd=GPIO_PULLUP
PD5.Locked=true
PD5.Mode=Asynchronous
PD5.Signal=USART2_TX
PD8.GPIOParameters=GPIO_Label,GPIO_PuPd
PD8.GPIO_Label=DMX_TX_U03 [STLK_RX STM32F103CBT6_PA2]
PD8.GPIO_PuPd=GPIO_PULLUP
PD8.Locked=true
PD8.Mode=Asynchronous
PD8.Signal=USART3_TX
PD9.GPIOParameters=GPIO_Label,GPIO_PuPd
PD9.GPIO_Label=DMX_RX_U03 [STLK_TX STM32F103CBT6_PA3]
PD9.GPIO_PuPd=GPIO_PULLUP
PD9.Locked=true
PD9.Mode=Asynchronous
PD9.Signal=USART3_RX
PE0.GPIOParameters=GPIO_Label,GPIO_PuPd
PE0.GPIO_Label=DMX_RX_U08
PE0.GPIO_PuPd=GPIO_PULLUP
PE0.Locked=true
PE0.Mode=Asynchronous
PE0.Signal=UART8_RX
PE1.GPIOParameters=GPIO_Label,GPIO_PuPd
PE1.GPIO_Label=DMX_TX_U08
PE1.GPIO_PuPd=GPIO_PULLUP
PE1.Locked=true
PE1.Mode=Asynchronous
PE1.Signal=UART8_TX
PF0.GPIOParameters=GPIO_Label,PinState
PF0.GPIO_Label=DMX_DE_RE_U07
PF0.Locked=true
PF0.PinState=GPIO_PIN_SET
PF0.Signal=GPIO_Output
PF1.GPIOParameters=GPIO_Label,PinState
PF1.GPIO_Label=DMX_DE_RE_U08
PF1.Locked=true
PF1.PinState=GPIO_PIN_SET
PF1.Signal=GPIO_Output
PF12.GPIOParameters=GPIO_Label,PinState
PF12.GPIO_Label=DMX_DE_RE_U06
PF12.Locked=true
PF12.PinState=GPIO_PIN_SET
PF12.Signal=GPIO_Output
PF13.GPIOParameters=GPIO_Label,PinState
PF13.GPIO_Label=DMX_DE_RE_U01
PF13.Locked=true
PF13.PinState=GPIO_PIN_SET
PF13.Signal=GPIO_Output
PF14.GPIOParameters=GPIO_Label,PinState
PF14.GPIO_Label=DMX_DE_RE_U02
PF14.Locked=true
PF14.PinState=GPIO_PIN_SET
PF14.Signal=GPIO_Output
PF15.GPIOParameters=GPIO_Label,PinState
PF15.GPIO_Label=DMX_DE_RE_U03
PF15.Locked=true
PF15.PinState=GPIO_PIN_SET
PF15.Signal=GPIO_Output
PF6.GPIOParameters=GPIO_Label,GPIO_PuPd
PF6.GPIO_Label=DMX_RX_U07
PF6.GPIO_PuPd=GPIO_PULLUP
PF6.Locked=true
PF6.Mode=Asynchronous
PF6.Signal=UART7_RX
PF7.GPIOParameters=GPIO_Label,GPIO_PuPd
PF7.GPIO_Label=DMX_TX_U07
PF7.GPIO_PuPd=GPIO_PULLUP
PF7.Locked=true
PF7.Mode=Asynchronous
PF7.Signal=UART7_TX
PG0.GPIOParameters=GPIO_Label,PinState
PG0.GPIO_Label=DMX_DE_RE_U04
PG0.Locked=true
PG0.PinState=GPIO_PIN_SET
PG0.Signal=GPIO_Output
PG1.GPIOParameters=GPIO_Label,PinState
PG1.GPIO_Label=DMX_DE_RE_U05
PG1.Locked=true
PG1.PinState=GPIO_PIN_SET
PG1.Signal=GPIO_Output
PG11.GPIOParameters=GPIO_Label
PG11.GPIO_Label=RMII_TX_EN [LAN8742A-CZ-TR_TXEN]
PG11.Locked=true
PG11.Mode=RMII
PG11.Signal=ETH_TX_EN
PG13.GPIOParameters=GPIO_Label
PG13.GPIO_Label=RMII_TXD0 [LAN8742A-CZ-TR_TXD0]
PG13.Locked=true
PG13.Mode=RMII
PG13.Signal=ETH_TXD0
PG6.GPIOParameters=GPIO_Label
PG6.GPIO_Label=USB_PowerSwitchOn [STMPS2151STR_EN]
PG6.Locked=true
PG6.Signal=GPIO_Output
PG7.GPIOParameters=GPIO_Label
PG7.GPIO_Label=USB_OverCurrent [STMPS2151STR_FAULT]
PG7.Locked=true
PG7.Signal=GPIO_Input
PH0/OSC_IN.GPIOParameters=GPIO_Label
PH0/OSC_IN.GPIO_Label=MCO [STM32F103CBT6_PA8]
PH0/OSC_IN.Locked=true
PH0/OSC_IN.Mode=HSE-External-Clock-Source
PH0/OSC_IN.Signal=RCC_OSC_IN
PH1/OSC_OUT.Locked=true
PH1/OSC_OUT.Mode=HSE-External-Clock-Source
PH1/OSC_OUT.Signal=RCC_OSC_OUT
PinOutPanel.RotationAngle=0
ProjectManager.AskForMigrate=true
ProjectManager.BackupPrevious=false
ProjectManager.CompilerOptimize=6
ProjectManager.ComputerToolchain=false
ProjectManager.CoupleFile=true
ProjectManager.CustomerFirmwarePackage=
ProjectManager.DefaultFWLocation=true
ProjectManager.DeletePrevious=true
ProjectManager.DeviceId=STM32F746ZGTx
ProjectManager.FirmwarePackage=STM32Cube FW_F7 V1.15.0
ProjectManager.FreePins=false
ProjectManager.HalAssertFull=true
ProjectManager.HeapSize=0x200
ProjectManager.KeepUserCode=true
ProjectManager.LastFirmware=true
ProjectManager.LibraryCopy=1
ProjectManager.MainLocation=Core/Src
ProjectManager.NoMain=false
ProjectManager.PreviousToolchain=TrueSTUDIO
ProjectManager.ProjectBuild=false
ProjectManager.ProjectFileName=SCpj-STM32F746-ThreadFirst.ioc
ProjectManager.ProjectName=SCpj-STM32F746-ThreadFirst
ProjectManager.StackSize=0x400
ProjectManager.TargetToolchain=TrueSTUDIO
ProjectManager.ToolChainLocation=
ProjectManager.UnderRoot=true
ProjectManager.functionlistsort=1-MX_GPIO_Init-GPIO-false-HAL-true,2-MX_DMA_Init-DMA-false-HAL-true,3-SystemClock_Config-RCC-false-HAL-false,4-MX_CORTEX_M7_Init-CORTEX_M7-false-HAL-true,5-MX_GFXSIMULATOR_Init-GFXSIMULATOR-false-HAL-true,6-MX_I2C4_Init-I2C4-false-HAL-true,7-MX_SPI1_Init-SPI1-false-HAL-true,8-MX_TIM2_Init-TIM2-false-HAL-true,9-MX_UART4_Init-UART4-false-HAL-true,10-MX_UART5_Init-UART5-false-HAL-true,11-MX_UART7_Init-UART7-false-HAL-true,12-MX_UART8_Init-UART8-false-HAL-true,13-MX_USART1_UART_Init-USART1-false-HAL-true,14-MX_USART2_UART_Init-USART2-false-HAL-true,15-MX_USART3_UART_Init-USART3-false-HAL-true,16-MX_USART6_UART_Init-USART6-false-HAL-true,17-MX_LWIP_Init-LWIP-false-HAL-true
RCC.AHBFreq_Value=216000000
RCC.APB1CLKDivider=RCC_HCLK_DIV4
RCC.APB1Freq_Value=54000000
RCC.APB1TimFreq_Value=108000000
RCC.APB2CLKDivider=RCC_HCLK_DIV2
RCC.APB2Freq_Value=108000000
RCC.APB2TimFreq_Value=216000000
RCC.CECFreq_Value=32786.88524590164
RCC.CortexFreq_Value=216000000
RCC.EthernetFreq_Value=216000000
RCC.FCLKCortexFreq_Value=216000000
RCC.FLatency=FLASH_LATENCY_7
RCC.FamilyName=M
RCC.HCLKFreq_Value=216000000
RCC.HSE_VALUE=8000000
RCC.HSI_VALUE=16000000
RCC.I2C1Freq_Value=54000000
RCC.I2C2Freq_Value=54000000
RCC.I2C3Freq_Value=54000000
RCC.I2C4Freq_Value=54000000
RCC.I2SFreq_Value=192000000
RCC.IPParameters=AHBFreq_Value,APB1CLKDivider,APB1Freq_Value,APB1TimFreq_Value,APB2CLKDivider,APB2Freq_Value,APB2TimFreq_Value,CECFreq_Value,CortexFreq_Value,EthernetFreq_Value,FCLKCortexFreq_Value,FLatency,FamilyName,HCLKFreq_Value,HSE_VALUE,HSI_VALUE,I2C1Freq_Value,I2C2Freq_Value,I2C3Freq_Value,I2C4Freq_Value,I2SFreq_Value,LCDTFToutputFreq_Value,LPTIM1Freq_Value,LSI_VALUE,MCO2PinFreq_Value,PLLCLKFreq_Value,PLLI2SPCLKFreq_Value,PLLI2SQCLKFreq_Value,PLLI2SRCLKFreq_Value,PLLI2SRoutputFreq_Value,PLLM,PLLN,PLLQCLKFreq_Value,PLLQoutputFreq_Value,PLLSAIPCLKFreq_Value,PLLSAIQCLKFreq_Value,PLLSAIRCLKFreq_Value,PLLSAIoutputFreq_Value,PWREXT_OverDrive,PWR_Regulator_Voltage_Scale,RNGFreq_Value,SAI1Freq_Value,SAI2Freq_Value,SDMMCFreq_Value,SPDIFRXFreq_Value,SYSCLKFreq_VALUE,SYSCLKSource,UART4Freq_Value,UART5Freq_Value,UART7Freq_Value,UART8Freq_Value,USART1Freq_Value,USART2Freq_Value,USART3Freq_Value,USART6Freq_Value,USBFreq_Value,VCOI2SOutputFreq_Value,VCOInputFreq_Value,VCOOutputFreq_Value,VCOSAIOutputFreq_Value
RCC.LCDTFToutputFreq_Value=96000000
RCC.LPTIM1Freq_Value=54000000
RCC.LSI_VALUE=32000
RCC.MCO2PinFreq_Value=216000000
RCC.PLLCLKFreq_Value=216000000
RCC.PLLI2SPCLKFreq_Value=192000000
RCC.PLLI2SQCLKFreq_Value=192000000
RCC.PLLI2SRCLKFreq_Value=192000000
RCC.PLLI2SRoutputFreq_Value=192000000
RCC.PLLM=8
RCC.PLLN=216
RCC.PLLQCLKFreq_Value=216000000
RCC.PLLQoutputFreq_Value=216000000
RCC.PLLSAIPCLKFreq_Value=192000000
RCC.PLLSAIQCLKFreq_Value=192000000
RCC.PLLSAIRCLKFreq_Value=192000000
RCC.PLLSAIoutputFreq_Value=192000000
RCC.PWREXT_OverDrive=PWREXT_OverDrive_ACTIVATED
RCC.PWR_Regulator_Voltage_Scale=PWR_REGULATOR_VOLTAGE_SCALE1
RCC.RNGFreq_Value=216000000
RCC.SAI1Freq_Value=192000000
RCC.SAI2Freq_Value=192000000
RCC.SDMMCFreq_Value=216000000
RCC.SPDIFRXFreq_Value=192000000
RCC.SYSCLKFreq_VALUE=216000000
RCC.SYSCLKSource=RCC_SYSCLKSOURCE_PLLCLK
RCC.UART4Freq_Value=54000000
RCC.UART5Freq_Value=54000000
RCC.UART7Freq_Value=54000000
RCC.UART8Freq_Value=54000000
RCC.USART1Freq_Value=108000000
RCC.USART2Freq_Value=54000000
RCC.USART3Freq_Value=54000000
RCC.USART6Freq_Value=108000000
RCC.USBFreq_Value=216000000
RCC.VCOI2SOutputFreq_Value=384000000
RCC.VCOInputFreq_Value=2000000
RCC.VCOOutputFreq_Value=432000000
RCC.VCOSAIOutputFreq_Value=384000000
SH.GPXTI13.0=GPIO_EXTI13
SH.GPXTI13.ConfNb=1
SPI1.CLKPhase=SPI_PHASE_1EDGE
SPI1.CLKPolarity=SPI_POLARITY_LOW
SPI1.CRCCalculation=SPI_CRCCALCULATION_DISABLE
SPI1.DataSize=SPI_DATASIZE_4BIT
SPI1.Direction=SPI_DIRECTION_2LINES
SPI1.FirstBit=SPI_FIRSTBIT_MSB
SPI1.IPParameters=TIMode,DataSize,FirstBit,CLKPolarity,CLKPhase,CRCCalculation,NSS,VirtualType,Mode,Direction
SPI1.Mode=SPI_MODE_SLAVE
SPI1.NSS=SPI_NSS_SOFT
SPI1.TIMode=SPI_TIMODE_DISABLE
SPI1.VirtualType=VM_SLAVE
TIM2.AutoReloadPreload=TIM_AUTORELOAD_PRELOAD_DISABLE
TIM2.ClockDivision=TIM_CLOCKDIVISION_DIV1
TIM2.CounterMode=TIM_COUNTERMODE_UP
TIM2.IPParameters=Prescaler,CounterMode,Period,ClockDivision,AutoReloadPreload,TIM_MasterSlaveMode,TIM_MasterOutputTrigger
TIM2.Period=DMX_TIM_CounterPeriod_x32
TIM2.Prescaler=DMX_TIM_Prescaler
TIM2.TIM_MasterOutputTrigger=TIM_TRGO_RESET
TIM2.TIM_MasterSlaveMode=TIM_MASTERSLAVEMODE_DISABLE
UART4.AutoBaudRateEnableParam=UART_ADVFEATURE_AUTOBAUDRATE_DISABLE
UART4.BaudRate=DMX_BAUD_RATE
UART4.DMADisableonRxErrorParam=UART_ADVFEATURE_DMA_ENABLEONRXERROR
UART4.DataInvertParam=UART_ADVFEATURE_DATAINV_DISABLE
UART4.IPParameters=BaudRate,WordLength,Parity,StopBits,Mode,OverSampling,OneBitSampling,AutoBaudRateEnableParam,TxPinLevelInvertParam,RxPinLevelInvertParam,DataInvertParam,SwapParam,OverrunDisableParam,DMADisableonRxErrorParam,MSBFirstParam
UART4.MSBFirstParam=UART_ADVFEATURE_MSBFIRST_DISABLE
UART4.Mode=MODE_TX_RX
UART4.OneBitSampling=UART_ONE_BIT_SAMPLE_DISABLE
UART4.OverSampling=UART_OVERSAMPLING_16
UART4.OverrunDisableParam=UART_ADVFEATURE_OVERRUN_ENABLE
UART4.Parity=PARITY_NONE
UART4.RxPinLevelInvertParam=UART_ADVFEATURE_RXINV_DISABLE
UART4.StopBits=UART_STOPBITS_2
UART4.SwapParam=UART_ADVFEATURE_SWAP_DISABLE
UART4.TxPinLevelInvertParam=UART_ADVFEATURE_TXINV_DISABLE
UART4.WordLength=WORDLENGTH_8B
UART5.AutoBaudRateEnableParam=UART_ADVFEATURE_AUTOBAUDRATE_DISABLE
UART5.BaudRate=DMX_BAUD_RATE
UART5.DMADisableonRxErrorParam=UART_ADVFEATURE_DMA_ENABLEONRXERROR
UART5.DataInvertParam=UART_ADVFEATURE_DATAINV_DISABLE
UART5.IPParameters=BaudRate,WordLength,Parity,StopBits,Mode,OverSampling,OneBitSampling,AutoBaudRateEnableParam,TxPinLevelInvertParam,RxPinLevelInvertParam,DataInvertParam,SwapParam,OverrunDisableParam,DMADisableonRxErrorParam,MSBFirstParam
UART5.MSBFirstParam=UART_ADVFEATURE_MSBFIRST_DISABLE
UART5.Mode=MODE_TX_RX
UART5.OneBitSampling=UART_ONE_BIT_SAMPLE_DISABLE
UART5.OverSampling=UART_OVERSAMPLING_16
UART5.OverrunDisableParam=UART_ADVFEATURE_OVERRUN_ENABLE
UART5.Parity=PARITY_NONE
UART5.RxPinLevelInvertParam=UART_ADVFEATURE_RXINV_DISABLE
UART5.StopBits=UART_STOPBITS_2
UART5.SwapParam=UART_ADVFEATURE_SWAP_DISABLE
UART5.TxPinLevelInvertParam=UART_ADVFEATURE_TXINV_DISABLE
UART5.WordLength=WORDLENGTH_8B
UART7.AutoBaudRateEnableParam=UART_ADVFEATURE_AUTOBAUDRATE_DISABLE
UART7.BaudRate=DMX_BAUD_RATE
UART7.DMADisableonRxErrorParam=UART_ADVFEATURE_DMA_ENABLEONRXERROR
UART7.DataInvertParam=UART_ADVFEATURE_DATAINV_DISABLE
UART7.IPParameters=BaudRate,WordLength,Parity,StopBits,Mode,OverSampling,OneBitSampling,AutoBaudRateEnableParam,TxPinLevelInvertParam,RxPinLevelInvertParam,DataInvertParam,SwapParam,OverrunDisableParam,DMADisableonRxErrorParam,MSBFirstParam
UART7.MSBFirstParam=UART_ADVFEATURE_MSBFIRST_DISABLE
UART7.Mode=MODE_TX_RX
UART7.OneBitSampling=UART_ONE_BIT_SAMPLE_DISABLE
UART7.OverSampling=UART_OVERSAMPLING_16
UART7.OverrunDisableParam=UART_ADVFEATURE_OVERRUN_ENABLE
UART7.Parity=PARITY_NONE
UART7.RxPinLevelInvertParam=UART_ADVFEATURE_RXINV_DISABLE
UART7.StopBits=UART_STOPBITS_2
UART7.SwapParam=UART_ADVFEATURE_SWAP_DISABLE
UART7.TxPinLevelInvertParam=UART_ADVFEATURE_TXINV_DISABLE
UART7.WordLength=WORDLENGTH_8B
UART8.AutoBaudRateEnableParam=UART_ADVFEATURE_AUTOBAUDRATE_DISABLE
UART8.BaudRate=DMX_BAUD_RATE
UART8.DMADisableonRxErrorParam=UART_ADVFEATURE_DMA_ENABLEONRXERROR
UART8.DataInvertParam=UART_ADVFEATURE_DATAINV_DISABLE
UART8.IPParameters=BaudRate,WordLength,Parity,StopBits,Mode,OverSampling,OneBitSampling,AutoBaudRateEnableParam,TxPinLevelInvertParam,RxPinLevelInvertParam,DataInvertParam,SwapParam,OverrunDisableParam,DMADisableonRxErrorParam,MSBFirstParam
UART8.MSBFirstParam=UART_ADVFEATURE_MSBFIRST_DISABLE
UART8.Mode=MODE_TX_RX
UART8.OneBitSampling=UART_ONE_BIT_SAMPLE_DISABLE
UART8.OverSampling=UART_OVERSAMPLING_16
UART8.OverrunDisableParam=UART_ADVFEATURE_OVERRUN_ENABLE
UART8.Parity=PARITY_NONE
UART8.RxPinLevelInvertParam=UART_ADVFEATURE_RXINV_DISABLE
UART8.StopBits=UART_STOPBITS_2
UART8.SwapParam=UART_ADVFEATURE_SWAP_DISABLE
UART8.TxPinLevelInvertParam=UART_ADVFEATURE_TXINV_DISABLE
UART8.WordLength=WORDLENGTH_8B
USART1.AutoBaudRateEnableParam=UART_ADVFEATURE_AUTOBAUDRATE_DISABLE
USART1.BaudRate=DMX_BAUD_RATE
USART1.DMADisableonRxErrorParam=ADVFEATURE_DMA_ENABLEONRXERROR
USART1.DataInvertParam=ADVFEATURE_DATAINV_DISABLE
USART1.IPParameters=BaudRate,WordLength,Parity,StopBits,Mode,OverSampling,OneBitSampling,AutoBaudRateEnableParam,TxPinLevelInvertParam,RxPinLevelInvertParam,DataInvertParam,SwapParam,OverrunDisableParam,DMADisableonRxErrorParam,MSBFirstParam,VirtualMode-Asynchronous
USART1.MSBFirstParam=ADVFEATURE_MSBFIRST_DISABLE
USART1.Mode=MODE_TX_RX
USART1.OneBitSampling=UART_ONE_BIT_SAMPLE_DISABLE
USART1.OverSampling=UART_OVERSAMPLING_16
USART1.OverrunDisableParam=ADVFEATURE_OVERRUN_ENABLE
USART1.Parity=PARITY_NONE
USART1.RxPinLevelInvertParam=ADVFEATURE_RXINV_DISABLE
USART1.StopBits=STOPBITS_2
USART1.SwapParam=ADVFEATURE_SWAP_DISABLE
USART1.TxPinLevelInvertParam=ADVFEATURE_TXINV_DISABLE
USART1.VirtualMode-Asynchronous=VM_ASYNC
USART1.WordLength=WORDLENGTH_8B
USART2.AutoBaudRateEnableParam=UART_ADVFEATURE_AUTOBAUDRATE_DISABLE
USART2.BaudRate=DMX_BAUD_RATE
USART2.DMADisableonRxErrorParam=ADVFEATURE_DMA_ENABLEONRXERROR
USART2.DataInvertParam=ADVFEATURE_DATAINV_DISABLE
USART2.IPParameters=BaudRate,WordLength,Parity,StopBits,Mode,OverSampling,OneBitSampling,AutoBaudRateEnableParam,TxPinLevelInvertParam,RxPinLevelInvertParam,DataInvertParam,SwapParam,OverrunDisableParam,DMADisableonRxErrorParam,MSBFirstParam,VirtualMode-Asynchronous
USART2.MSBFirstParam=ADVFEATURE_MSBFIRST_DISABLE
USART2.Mode=MODE_TX_RX
USART2.OneBitSampling=UART_ONE_BIT_SAMPLE_DISABLE
USART2.OverSampling=UART_OVERSAMPLING_16
USART2.OverrunDisableParam=ADVFEATURE_OVERRUN_ENABLE
USART2.Parity=PARITY_NONE
USART2.RxPinLevelInvertParam=ADVFEATURE_RXINV_DISABLE
USART2.StopBits=STOPBITS_2
USART2.SwapParam=ADVFEATURE_SWAP_DISABLE
USART2.TxPinLevelInvertParam=ADVFEATURE_TXINV_DISABLE
USART2.VirtualMode-Asynchronous=VM_ASYNC
USART2.WordLength=WORDLENGTH_8B
USART3.AutoBaudRateEnableParam=UART_ADVFEATURE_AUTOBAUDRATE_DISABLE
USART3.BaudRate=115200
USART3.DMADisableonRxErrorParam=ADVFEATURE_DMA_ENABLEONRXERROR
USART3.DataInvertParam=ADVFEATURE_DATAINV_DISABLE
USART3.IPParameters=BaudRate,WordLength,Parity,StopBits,Mode,OverSampling,OneBitSampling,AutoBaudRateEnableParam,TxPinLevelInvertParam,RxPinLevelInvertParam,DataInvertParam,SwapParam,OverrunDisableParam,DMADisableonRxErrorParam,MSBFirstParam,VirtualMode-Asynchronous
USART3.MSBFirstParam=ADVFEATURE_MSBFIRST_DISABLE
USART3.Mode=MODE_TX_RX
USART3.OneBitSampling=UART_ONE_BIT_SAMPLE_DISABLE
USART3.OverSampling=UART_OVERSAMPLING_16
USART3.OverrunDisableParam=ADVFEATURE_OVERRUN_ENABLE
USART3.Parity=PARITY_NONE
USART3.RxPinLevelInvertParam=ADVFEATURE_RXINV_DISABLE
USART3.StopBits=STOPBITS_1
USART3.SwapParam=ADVFEATURE_SWAP_DISABLE
USART3.TxPinLevelInvertParam=ADVFEATURE_TXINV_DISABLE
USART3.VirtualMode-Asynchronous=VM_ASYNC
USART3.WordLength=WORDLENGTH_8B
USART6.AutoBaudRateEnableParam=UART_ADVFEATURE_AUTOBAUDRATE_DISABLE
USART6.BaudRate=DMX_BAUD_RATE
USART6.DMADisableonRxErrorParam=ADVFEATURE_DMA_ENABLEONRXERROR
USART6.DataInvertParam=ADVFEATURE_DATAINV_DISABLE
USART6.IPParameters=BaudRate,WordLength,Parity,StopBits,Mode,OverSampling,OneBitSampling,AutoBaudRateEnableParam,TxPinLevelInvertParam,RxPinLevelInvertParam,DataInvertParam,SwapParam,OverrunDisableParam,DMADisableonRxErrorParam,MSBFirstParam,VirtualMode-Asynchronous
USART6.MSBFirstParam=ADVFEATURE_MSBFIRST_DISABLE
USART6.Mode=MODE_TX_RX
USART6.OneBitSampling=UART_ONE_BIT_SAMPLE_DISABLE
USART6.OverSampling=UART_OVERSAMPLING_16
USART6.OverrunDisableParam=ADVFEATURE_OVERRUN_ENABLE
USART6.Parity=PARITY_NONE
USART6.RxPinLevelInvertParam=ADVFEATURE_RXINV_DISABLE
USART6.StopBits=STOPBITS_2
USART6.SwapParam=ADVFEATURE_SWAP_DISABLE
USART6.TxPinLevelInvertParam=ADVFEATURE_TXINV_DISABLE
USART6.VirtualMode-Asynchronous=VM_ASYNC
USART6.WordLength=WORDLENGTH_8B
VP_FREERTOS_VS_CMSIS_V1.Mode=CMSIS_V1
VP_FREERTOS_VS_CMSIS_V1.Signal=FREERTOS_VS_CMSIS_V1
VP_LWIP_VS_Enabled.Mode=Enabled
VP_LWIP_VS_Enabled.Signal=LWIP_VS_Enabled
VP_SYS_VS_tim14.Mode=TIM14
VP_SYS_VS_tim14.Signal=SYS_VS_tim14
VP_TIM2_VS_ClockSourceINT.Mode=Internal
VP_TIM2_VS_ClockSourceINT.Signal=TIM2_VS_ClockSourceINT
board=custom
